// !$*UTF8*$!
{
	archiveVersion = 1;
	classes = {
	};
	objectVersion = 48;
	objects = {

/* Begin PBXBuildFile section */
		1769EF7520668EFA006845B3 /* NetworkManager.swift in Sources */ = {isa = PBXBuildFile; fileRef = 1769EF7420668EFA006845B3 /* NetworkManager.swift */; };
		1769EF77206693C2006845B3 /* Storage.swift in Sources */ = {isa = PBXBuildFile; fileRef = 1769EF76206693C2006845B3 /* Storage.swift */; };
		1769EF7B20669DED006845B3 /* MyTableViewController.swift in Sources */ = {isa = PBXBuildFile; fileRef = 1769EF7A20669DED006845B3 /* MyTableViewController.swift */; };
		1769EF7E20669ECC006845B3 /* MyTableViewCell.swift in Sources */ = {isa = PBXBuildFile; fileRef = 1769EF7C20669ECC006845B3 /* MyTableViewCell.swift */; };
		1769EF7F20669ECC006845B3 /* MyTableViewCell.xib in Resources */ = {isa = PBXBuildFile; fileRef = 1769EF7D20669ECC006845B3 /* MyTableViewCell.xib */; };
		177FB8C62098FB530086B095 /* Comments.swift in Sources */ = {isa = PBXBuildFile; fileRef = 177FB8C52098FB530086B095 /* Comments.swift */; };
		177FB8C8209ADF9E0086B095 /* NavigationManager.swift in Sources */ = {isa = PBXBuildFile; fileRef = 177FB8C7209ADF9E0086B095 /* NavigationManager.swift */; };
		17AC4449205D334E00F3DDD1 /* AppDelegate.swift in Sources */ = {isa = PBXBuildFile; fileRef = 17AC4448205D334E00F3DDD1 /* AppDelegate.swift */; };
		17AC444B205D334F00F3DDD1 /* ViewController.swift in Sources */ = {isa = PBXBuildFile; fileRef = 17AC444A205D334F00F3DDD1 /* ViewController.swift */; };
		17AC444E205D334F00F3DDD1 /* Main.storyboard in Resources */ = {isa = PBXBuildFile; fileRef = 17AC444C205D334F00F3DDD1 /* Main.storyboard */; };
		17AC4450205D334F00F3DDD1 /* Assets.xcassets in Resources */ = {isa = PBXBuildFile; fileRef = 17AC444F205D334F00F3DDD1 /* Assets.xcassets */; };
		17AC4453205D334F00F3DDD1 /* LaunchScreen.storyboard in Resources */ = {isa = PBXBuildFile; fileRef = 17AC4451205D334F00F3DDD1 /* LaunchScreen.storyboard */; };
		17AC445B205D483A00F3DDD1 /* Post.swift in Sources */ = {isa = PBXBuildFile; fileRef = 17AC445A205D483A00F3DDD1 /* Post.swift */; };
		17AC445D205D64C900F3DDD1 /* NetworkConstants.swift in Sources */ = {isa = PBXBuildFile; fileRef = 17AC445C205D64C900F3DDD1 /* NetworkConstants.swift */; };
		E7041CD1209A296A00E4636B /* PostsViewController.swift in Sources */ = {isa = PBXBuildFile; fileRef = E7041CD0209A296A00E4636B /* PostsViewController.swift */; };
		E7041CD4209A2A4A00E4636B /* PostsTableViewCell.swift in Sources */ = {isa = PBXBuildFile; fileRef = E7041CD2209A2A4A00E4636B /* PostsTableViewCell.swift */; };
		E7041CD5209A2A4A00E4636B /* PostsTableViewCell.xib in Resources */ = {isa = PBXBuildFile; fileRef = E7041CD3209A2A4A00E4636B /* PostsTableViewCell.xib */; };
		E7041CD7209A31C500E4636B /* CommentsViewController.swift in Sources */ = {isa = PBXBuildFile; fileRef = E7041CD6209A31C500E4636B /* CommentsViewController.swift */; };
		E7041CDA209A322A00E4636B /* CommentsTableViewCell.swift in Sources */ = {isa = PBXBuildFile; fileRef = E7041CD8209A322A00E4636B /* CommentsTableViewCell.swift */; };
		E7041CDB209A322A00E4636B /* CommentsTableViewCell.xib in Resources */ = {isa = PBXBuildFile; fileRef = E7041CD9209A322A00E4636B /* CommentsTableViewCell.xib */; };
		E79A213420988A8B009A7244 /* UserViewController.swift in Sources */ = {isa = PBXBuildFile; fileRef = E79A213320988A8B009A7244 /* UserViewController.swift */; };
		E79A213720988AD0009A7244 /* UserTableViewCell.swift in Sources */ = {isa = PBXBuildFile; fileRef = E79A213520988AD0009A7244 /* UserTableViewCell.swift */; };
		E79A213820988AD0009A7244 /* UserTableViewCell.xib in Resources */ = {isa = PBXBuildFile; fileRef = E79A213620988AD0009A7244 /* UserTableViewCell.xib */; };
		E79A213A209893D6009A7244 /* User.swift in Sources */ = {isa = PBXBuildFile; fileRef = E79A2139209893D6009A7244 /* User.swift */; };
/* End PBXBuildFile section */

/* Begin PBXFileReference section */
		1769EF7420668EFA006845B3 /* NetworkManager.swift */ = {isa = PBXFileReference; lastKnownFileType = sourcecode.swift; path = NetworkManager.swift; sourceTree = "<group>"; };
		1769EF76206693C2006845B3 /* Storage.swift */ = {isa = PBXFileReference; lastKnownFileType = sourcecode.swift; path = Storage.swift; sourceTree = "<group>"; };
		1769EF7A20669DED006845B3 /* MyTableViewController.swift */ = {isa = PBXFileReference; lastKnownFileType = sourcecode.swift; path = MyTableViewController.swift; sourceTree = "<group>"; };
		1769EF7C20669ECC006845B3 /* MyTableViewCell.swift */ = {isa = PBXFileReference; lastKnownFileType = sourcecode.swift; path = MyTableViewCell.swift; sourceTree = "<group>"; };
		1769EF7D20669ECC006845B3 /* MyTableViewCell.xib */ = {isa = PBXFileReference; lastKnownFileType = file.xib; path = MyTableViewCell.xib; sourceTree = "<group>"; };
		177FB8C52098FB530086B095 /* Comments.swift */ = {isa = PBXFileReference; lastKnownFileType = sourcecode.swift; path = Comments.swift; sourceTree = "<group>"; };
		177FB8C7209ADF9E0086B095 /* NavigationManager.swift */ = {isa = PBXFileReference; lastKnownFileType = sourcecode.swift; path = NavigationManager.swift; sourceTree = "<group>"; };
		17AC4445205D334E00F3DDD1 /* winterCourse2018Networking.app */ = {isa = PBXFileReference; explicitFileType = wrapper.application; includeInIndex = 0; path = winterCourse2018Networking.app; sourceTree = BUILT_PRODUCTS_DIR; };
		17AC4448205D334E00F3DDD1 /* AppDelegate.swift */ = {isa = PBXFileReference; lastKnownFileType = sourcecode.swift; path = AppDelegate.swift; sourceTree = "<group>"; };
		17AC444A205D334F00F3DDD1 /* ViewController.swift */ = {isa = PBXFileReference; lastKnownFileType = sourcecode.swift; path = ViewController.swift; sourceTree = "<group>"; };
		17AC444D205D334F00F3DDD1 /* Base */ = {isa = PBXFileReference; lastKnownFileType = file.storyboard; name = Base; path = Base.lproj/Main.storyboard; sourceTree = "<group>"; };
		17AC444F205D334F00F3DDD1 /* Assets.xcassets */ = {isa = PBXFileReference; lastKnownFileType = folder.assetcatalog; path = Assets.xcassets; sourceTree = "<group>"; };
		17AC4452205D334F00F3DDD1 /* Base */ = {isa = PBXFileReference; lastKnownFileType = file.storyboard; name = Base; path = Base.lproj/LaunchScreen.storyboard; sourceTree = "<group>"; };
		17AC4454205D334F00F3DDD1 /* Info.plist */ = {isa = PBXFileReference; lastKnownFileType = text.plist.xml; path = Info.plist; sourceTree = "<group>"; };
		17AC445A205D483A00F3DDD1 /* Post.swift */ = {isa = PBXFileReference; lastKnownFileType = sourcecode.swift; path = Post.swift; sourceTree = "<group>"; };
		17AC445C205D64C900F3DDD1 /* NetworkConstants.swift */ = {isa = PBXFileReference; lastKnownFileType = sourcecode.swift; path = NetworkConstants.swift; sourceTree = "<group>"; };
		E7041CD0209A296A00E4636B /* PostsViewController.swift */ = {isa = PBXFileReference; lastKnownFileType = sourcecode.swift; path = PostsViewController.swift; sourceTree = "<group>"; };
		E7041CD2209A2A4A00E4636B /* PostsTableViewCell.swift */ = {isa = PBXFileReference; lastKnownFileType = sourcecode.swift; path = PostsTableViewCell.swift; sourceTree = "<group>"; };
		E7041CD3209A2A4A00E4636B /* PostsTableViewCell.xib */ = {isa = PBXFileReference; lastKnownFileType = file.xib; path = PostsTableViewCell.xib; sourceTree = "<group>"; };
		E7041CD6209A31C500E4636B /* CommentsViewController.swift */ = {isa = PBXFileReference; lastKnownFileType = sourcecode.swift; path = CommentsViewController.swift; sourceTree = "<group>"; };
		E7041CD8209A322A00E4636B /* CommentsTableViewCell.swift */ = {isa = PBXFileReference; lastKnownFileType = sourcecode.swift; path = CommentsTableViewCell.swift; sourceTree = "<group>"; };
		E7041CD9209A322A00E4636B /* CommentsTableViewCell.xib */ = {isa = PBXFileReference; lastKnownFileType = file.xib; path = CommentsTableViewCell.xib; sourceTree = "<group>"; };
		E79A213320988A8B009A7244 /* UserViewController.swift */ = {isa = PBXFileReference; lastKnownFileType = sourcecode.swift; path = UserViewController.swift; sourceTree = "<group>"; };
		E79A213520988AD0009A7244 /* UserTableViewCell.swift */ = {isa = PBXFileReference; lastKnownFileType = sourcecode.swift; path = UserTableViewCell.swift; sourceTree = "<group>"; };
		E79A213620988AD0009A7244 /* UserTableViewCell.xib */ = {isa = PBXFileReference; lastKnownFileType = file.xib; path = UserTableViewCell.xib; sourceTree = "<group>"; };
		E79A2139209893D6009A7244 /* User.swift */ = {isa = PBXFileReference; lastKnownFileType = sourcecode.swift; path = User.swift; sourceTree = "<group>"; };
/* End PBXFileReference section */

/* Begin PBXFrameworksBuildPhase section */
		17AC4442205D334E00F3DDD1 /* Frameworks */ = {
			isa = PBXFrameworksBuildPhase;
			buildActionMask = 2147483647;
			files = (
			);
			runOnlyForDeploymentPostprocessing = 0;
		};
/* End PBXFrameworksBuildPhase section */

/* Begin PBXGroup section */
		1769EF7820669D47006845B3 /* Core */ = {
			isa = PBXGroup;
			children = (
				17AC445A205D483A00F3DDD1 /* Post.swift */,
				1769EF7420668EFA006845B3 /* NetworkManager.swift */,
				1769EF76206693C2006845B3 /* Storage.swift */,
				E79A2139209893D6009A7244 /* User.swift */,
				177FB8C52098FB530086B095 /* Comments.swift */,
				177FB8C7209ADF9E0086B095 /* NavigationManager.swift */,
			);
			path = Core;
			sourceTree = "<group>";
		};
		1769EF7920669D4D006845B3 /* UI */ = {
			isa = PBXGroup;
			children = (
				17AC444A205D334F00F3DDD1 /* ViewController.swift */,
				1769EF7A20669DED006845B3 /* MyTableViewController.swift */,
				1769EF7C20669ECC006845B3 /* MyTableViewCell.swift */,
				1769EF7D20669ECC006845B3 /* MyTableViewCell.xib */,
				E79A213320988A8B009A7244 /* UserViewController.swift */,
				E79A213520988AD0009A7244 /* UserTableViewCell.swift */,
				E79A213620988AD0009A7244 /* UserTableViewCell.xib */,
				E7041CD0209A296A00E4636B /* PostsViewController.swift */,
				E7041CD2209A2A4A00E4636B /* PostsTableViewCell.swift */,
				E7041CD3209A2A4A00E4636B /* PostsTableViewCell.xib */,
				E7041CD6209A31C500E4636B /* CommentsViewController.swift */,
				E7041CD8209A322A00E4636B /* CommentsTableViewCell.swift */,
				E7041CD9209A322A00E4636B /* CommentsTableViewCell.xib */,
			);
			path = UI;
			sourceTree = "<group>";
		};
		17AC443C205D334E00F3DDD1 = {
			isa = PBXGroup;
			children = (
				17AC4447205D334E00F3DDD1 /* winterCourse2018Networking */,
				17AC4446205D334E00F3DDD1 /* Products */,
			);
			sourceTree = "<group>";
		};
		17AC4446205D334E00F3DDD1 /* Products */ = {
			isa = PBXGroup;
			children = (
				17AC4445205D334E00F3DDD1 /* winterCourse2018Networking.app */,
			);
			name = Products;
			sourceTree = "<group>";
		};
		17AC4447205D334E00F3DDD1 /* winterCourse2018Networking */ = {
			isa = PBXGroup;
			children = (
				1769EF7920669D4D006845B3 /* UI */,
				1769EF7820669D47006845B3 /* Core */,
				17AC4448205D334E00F3DDD1 /* AppDelegate.swift */,
				17AC444C205D334F00F3DDD1 /* Main.storyboard */,
				17AC444F205D334F00F3DDD1 /* Assets.xcassets */,
				17AC4451205D334F00F3DDD1 /* LaunchScreen.storyboard */,
				17AC4454205D334F00F3DDD1 /* Info.plist */,
				17AC445C205D64C900F3DDD1 /* NetworkConstants.swift */,
			);
			path = winterCourse2018Networking;
			sourceTree = "<group>";
		};
/* End PBXGroup section */

/* Begin PBXNativeTarget section */
		17AC4444205D334E00F3DDD1 /* winterCourse2018Networking */ = {
			isa = PBXNativeTarget;
			buildConfigurationList = 17AC4457205D334F00F3DDD1 /* Build configuration list for PBXNativeTarget "winterCourse2018Networking" */;
			buildPhases = (
				17AC4441205D334E00F3DDD1 /* Sources */,
				17AC4442205D334E00F3DDD1 /* Frameworks */,
				17AC4443205D334E00F3DDD1 /* Resources */,
			);
			buildRules = (
			);
			dependencies = (
			);
			name = winterCourse2018Networking;
			productName = winterCourse2018Networking;
			productReference = 17AC4445205D334E00F3DDD1 /* winterCourse2018Networking.app */;
			productType = "com.apple.product-type.application";
		};
/* End PBXNativeTarget section */

/* Begin PBXProject section */
		17AC443D205D334E00F3DDD1 /* Project object */ = {
			isa = PBXProject;
			attributes = {
				LastSwiftUpdateCheck = 0920;
				LastUpgradeCheck = 0920;
				ORGANIZATIONNAME = bws2007;
				TargetAttributes = {
					17AC4444205D334E00F3DDD1 = {
						CreatedOnToolsVersion = 9.2;
						ProvisioningStyle = Automatic;
					};
				};
			};
			buildConfigurationList = 17AC4440205D334E00F3DDD1 /* Build configuration list for PBXProject "winterCourse2018Networking" */;
			compatibilityVersion = "Xcode 8.0";
			developmentRegion = en;
			hasScannedForEncodings = 0;
			knownRegions = (
				en,
				Base,
			);
			mainGroup = 17AC443C205D334E00F3DDD1;
			productRefGroup = 17AC4446205D334E00F3DDD1 /* Products */;
			projectDirPath = "";
			projectRoot = "";
			targets = (
				17AC4444205D334E00F3DDD1 /* winterCourse2018Networking */,
			);
		};
/* End PBXProject section */

/* Begin PBXResourcesBuildPhase section */
		17AC4443205D334E00F3DDD1 /* Resources */ = {
			isa = PBXResourcesBuildPhase;
			buildActionMask = 2147483647;
			files = (
				17AC4453205D334F00F3DDD1 /* LaunchScreen.storyboard in Resources */,
				1769EF7F20669ECC006845B3 /* MyTableViewCell.xib in Resources */,
				17AC4450205D334F00F3DDD1 /* Assets.xcassets in Resources */,
				E7041CD5209A2A4A00E4636B /* PostsTableViewCell.xib in Resources */,
				17AC444E205D334F00F3DDD1 /* Main.storyboard in Resources */,
				E79A213820988AD0009A7244 /* UserTableViewCell.xib in Resources */,
				E7041CDB209A322A00E4636B /* CommentsTableViewCell.xib in Resources */,
			);
			runOnlyForDeploymentPostprocessing = 0;
		};
/* End PBXResourcesBuildPhase section */

/* Begin PBXSourcesBuildPhase section */
		17AC4441205D334E00F3DDD1 /* Sources */ = {
			isa = PBXSourcesBuildPhase;
			buildActionMask = 2147483647;
			files = (
				17AC445D205D64C900F3DDD1 /* NetworkConstants.swift in Sources */,
				E79A213420988A8B009A7244 /* UserViewController.swift in Sources */,
				1769EF7E20669ECC006845B3 /* MyTableViewCell.swift in Sources */,
				1769EF7B20669DED006845B3 /* MyTableViewController.swift in Sources */,
				E79A213720988AD0009A7244 /* UserTableViewCell.swift in Sources */,
				E7041CD4209A2A4A00E4636B /* PostsTableViewCell.swift in Sources */,
				17AC445B205D483A00F3DDD1 /* Post.swift in Sources */,
				1769EF7520668EFA006845B3 /* NetworkManager.swift in Sources */,
				E7041CD7209A31C500E4636B /* CommentsViewController.swift in Sources */,
				E7041CD1209A296A00E4636B /* PostsViewController.swift in Sources */,
				17AC444B205D334F00F3DDD1 /* ViewController.swift in Sources */,
				177FB8C8209ADF9E0086B095 /* NavigationManager.swift in Sources */,
				17AC4449205D334E00F3DDD1 /* AppDelegate.swift in Sources */,
				1769EF77206693C2006845B3 /* Storage.swift in Sources */,
				E79A213A209893D6009A7244 /* User.swift in Sources */,
				177FB8C62098FB530086B095 /* Comments.swift in Sources */,
				E7041CDA209A322A00E4636B /* CommentsTableViewCell.swift in Sources */,
			);
			runOnlyForDeploymentPostprocessing = 0;
		};
/* End PBXSourcesBuildPhase section */

/* Begin PBXVariantGroup section */
		17AC444C205D334F00F3DDD1 /* Main.storyboard */ = {
			isa = PBXVariantGroup;
			children = (
				17AC444D205D334F00F3DDD1 /* Base */,
			);
			name = Main.storyboard;
			sourceTree = "<group>";
		};
		17AC4451205D334F00F3DDD1 /* LaunchScreen.storyboard */ = {
			isa = PBXVariantGroup;
			children = (
				17AC4452205D334F00F3DDD1 /* Base */,
			);
			name = LaunchScreen.storyboard;
			sourceTree = "<group>";
		};
/* End PBXVariantGroup section */

/* Begin XCBuildConfiguration section */
		17AC4455205D334F00F3DDD1 /* Debug */ = {
			isa = XCBuildConfiguration;
			buildSettings = {
				ALWAYS_SEARCH_USER_PATHS = NO;
				CLANG_ANALYZER_NONNULL = YES;
				CLANG_ANALYZER_NUMBER_OBJECT_CONVERSION = YES_AGGRESSIVE;
				CLANG_CXX_LANGUAGE_STANDARD = "gnu++14";
				CLANG_CXX_LIBRARY = "libc++";
				CLANG_ENABLE_MODULES = YES;
				CLANG_ENABLE_OBJC_ARC = YES;
				CLANG_WARN_BLOCK_CAPTURE_AUTORELEASING = YES;
				CLANG_WARN_BOOL_CONVERSION = YES;
				CLANG_WARN_COMMA = YES;
				CLANG_WARN_CONSTANT_CONVERSION = YES;
				CLANG_WARN_DIRECT_OBJC_ISA_USAGE = YES_ERROR;
				CLANG_WARN_DOCUMENTATION_COMMENTS = YES;
				CLANG_WARN_EMPTY_BODY = YES;
				CLANG_WARN_ENUM_CONVERSION = YES;
				CLANG_WARN_INFINITE_RECURSION = YES;
				CLANG_WARN_INT_CONVERSION = YES;
				CLANG_WARN_NON_LITERAL_NULL_CONVERSION = YES;
				CLANG_WARN_OBJC_LITERAL_CONVERSION = YES;
				CLANG_WARN_OBJC_ROOT_CLASS = YES_ERROR;
				CLANG_WARN_RANGE_LOOP_ANALYSIS = YES;
				CLANG_WARN_STRICT_PROTOTYPES = YES;
				CLANG_WARN_SUSPICIOUS_MOVE = YES;
				CLANG_WARN_UNGUARDED_AVAILABILITY = YES_AGGRESSIVE;
				CLANG_WARN_UNREACHABLE_CODE = YES;
				CLANG_WARN__DUPLICATE_METHOD_MATCH = YES;
				CODE_SIGN_IDENTITY = "iPhone Developer";
				COPY_PHASE_STRIP = NO;
				DEBUG_INFORMATION_FORMAT = dwarf;
				ENABLE_STRICT_OBJC_MSGSEND = YES;
				ENABLE_TESTABILITY = YES;
				GCC_C_LANGUAGE_STANDARD = gnu11;
				GCC_DYNAMIC_NO_PIC = NO;
				GCC_NO_COMMON_BLOCKS = YES;
				GCC_OPTIMIZATION_LEVEL = 0;
				GCC_PREPROCESSOR_DEFINITIONS = (
					"DEBUG=1",
					"$(inherited)",
				);
				GCC_WARN_64_TO_32_BIT_CONVERSION = YES;
				GCC_WARN_ABOUT_RETURN_TYPE = YES_ERROR;
				GCC_WARN_UNDECLARED_SELECTOR = YES;
				GCC_WARN_UNINITIALIZED_AUTOS = YES_AGGRESSIVE;
				GCC_WARN_UNUSED_FUNCTION = YES;
				GCC_WARN_UNUSED_VARIABLE = YES;
				IPHONEOS_DEPLOYMENT_TARGET = 11.2;
				MTL_ENABLE_DEBUG_INFO = YES;
				ONLY_ACTIVE_ARCH = YES;
				SDKROOT = iphoneos;
				SWIFT_ACTIVE_COMPILATION_CONDITIONS = DEBUG;
				SWIFT_OPTIMIZATION_LEVEL = "-Onone";
			};
			name = Debug;
		};
		17AC4456205D334F00F3DDD1 /* Release */ = {
			isa = XCBuildConfiguration;
			buildSettings = {
				ALWAYS_SEARCH_USER_PATHS = NO;
				CLANG_ANALYZER_NONNULL = YES;
				CLANG_ANALYZER_NUMBER_OBJECT_CONVERSION = YES_AGGRESSIVE;
				CLANG_CXX_LANGUAGE_STANDARD = "gnu++14";
				CLANG_CXX_LIBRARY = "libc++";
				CLANG_ENABLE_MODULES = YES;
				CLANG_ENABLE_OBJC_ARC = YES;
				CLANG_WARN_BLOCK_CAPTURE_AUTORELEASING = YES;
				CLANG_WARN_BOOL_CONVERSION = YES;
				CLANG_WARN_COMMA = YES;
				CLANG_WARN_CONSTANT_CONVERSION = YES;
				CLANG_WARN_DIRECT_OBJC_ISA_USAGE = YES_ERROR;
				CLANG_WARN_DOCUMENTATION_COMMENTS = YES;
				CLANG_WARN_EMPTY_BODY = YES;
				CLANG_WARN_ENUM_CONVERSION = YES;
				CLANG_WARN_INFINITE_RECURSION = YES;
				CLANG_WARN_INT_CONVERSION = YES;
				CLANG_WARN_NON_LITERAL_NULL_CONVERSION = YES;
				CLANG_WARN_OBJC_LITERAL_CONVERSION = YES;
				CLANG_WARN_OBJC_ROOT_CLASS = YES_ERROR;
				CLANG_WARN_RANGE_LOOP_ANALYSIS = YES;
				CLANG_WARN_STRICT_PROTOTYPES = YES;
				CLANG_WARN_SUSPICIOUS_MOVE = YES;
				CLANG_WARN_UNGUARDED_AVAILABILITY = YES_AGGRESSIVE;
				CLANG_WARN_UNREACHABLE_CODE = YES;
				CLANG_WARN__DUPLICATE_METHOD_MATCH = YES;
				CODE_SIGN_IDENTITY = "iPhone Developer";
				COPY_PHASE_STRIP = NO;
				DEBUG_INFORMATION_FORMAT = "dwarf-with-dsym";
				ENABLE_NS_ASSERTIONS = NO;
				ENABLE_STRICT_OBJC_MSGSEND = YES;
				GCC_C_LANGUAGE_STANDARD = gnu11;
				GCC_NO_COMMON_BLOCKS = YES;
				GCC_WARN_64_TO_32_BIT_CONVERSION = YES;
				GCC_WARN_ABOUT_RETURN_TYPE = YES_ERROR;
				GCC_WARN_UNDECLARED_SELECTOR = YES;
				GCC_WARN_UNINITIALIZED_AUTOS = YES_AGGRESSIVE;
				GCC_WARN_UNUSED_FUNCTION = YES;
				GCC_WARN_UNUSED_VARIABLE = YES;
				IPHONEOS_DEPLOYMENT_TARGET = 11.2;
				MTL_ENABLE_DEBUG_INFO = NO;
				SDKROOT = iphoneos;
				SWIFT_OPTIMIZATION_LEVEL = "-Owholemodule";
				VALIDATE_PRODUCT = YES;
			};
			name = Release;
		};
		17AC4458205D334F00F3DDD1 /* Debug */ = {
			isa = XCBuildConfiguration;
			buildSettings = {
				ASSETCATALOG_COMPILER_APPICON_NAME = AppIcon;
				CODE_SIGN_STYLE = Automatic;
				INFOPLIST_FILE = winterCourse2018Networking/Info.plist;
				LD_RUNPATH_SEARCH_PATHS = "$(inherited) @executable_path/Frameworks";
				PRODUCT_BUNDLE_IDENTIFIER = bws2007.winterCourse2018Networking;
				PRODUCT_NAME = "$(TARGET_NAME)";
				SWIFT_VERSION = 4.0;
				TARGETED_DEVICE_FAMILY = "1,2";
			};
			name = Debug;
		};
		17AC4459205D334F00F3DDD1 /* Release */ = {
			isa = XCBuildConfiguration;
			buildSettings = {
				ASSETCATALOG_COMPILER_APPICON_NAME = AppIcon;
				CODE_SIGN_STYLE = Automatic;
				INFOPLIST_FILE = winterCourse2018Networking/Info.plist;
				LD_RUNPATH_SEARCH_PATHS = "$(inherited) @executable_path/Frameworks";
				PRODUCT_BUNDLE_IDENTIFIER = bws2007.winterCourse2018Networking;
				PRODUCT_NAME = "$(TARGET_NAME)";
				SWIFT_VERSION = 4.0;
				TARGETED_DEVICE_FAMILY = "1,2";
			};
			name = Release;
		};
/* End XCBuildConfiguration section */

/* Begin XCConfigurationList section */
		17AC4440205D334E00F3DDD1 /* Build configuration list for PBXProject "winterCourse2018Networking" */ = {
			isa = XCConfigurationList;
			buildConfigurations = (
				17AC4455205D334F00F3DDD1 /* Debug */,
				17AC4456205D334F00F3DDD1 /* Release */,
			);
			defaultConfigurationIsVisible = 0;
			defaultConfigurationName = Release;
		};
		17AC4457205D334F00F3DDD1 /* Build configuration list for PBXNativeTarget "winterCourse2018Networking" */ = {
			isa = XCConfigurationList;
			buildConfigurations = (
				17AC4458205D334F00F3DDD1 /* Debug */,
				17AC4459205D334F00F3DDD1 /* Release */,
			);
			defaultConfigurationIsVisible = 0;
			defaultConfigurationName = Release;
		};
/* End XCConfigurationList section */
	};
	rootObject = 17AC443D205D334E00F3DDD1 /* Project object */;
}
